{
  "name": "be-flash-message",
  "version": "1.0.2",
  "lockfileVersion": 1,
  "requires": true,
  "dependencies": {
    "be-icon": {
      "version": "1.0.5",
      "resolved": "https://registry.npmjs.org/be-icon/-/lc-icon-1.0.5.tgz",
      "integrity": "sha512-iFvlKka2owaVadSIK0raPJfuohx61wZVfDrPlHhnr6r3ipTUuc6ghBRR89tcgxRFfW0VNd6j4UqVUCLFCOEh6A==",
      "requires": {
        "be-theme": "1.x"
      }
    },
    "be-theme": {
      "version": "1.0.0",
      "resolved": "https://registry.npmjs.org/be-theme/-/lc-theme-1.0.0.tgz",
      "integrity": "sha512-1yECqN02iC5c5puRPXIu/sW3LXIQoEb7JkDcD+7X9EY6odWcfw3DYZY/Jhd6QdsFFfnIwemONsBSo8b1LqY6cQ=="
    }
  }
}
